
Microsoft Visual Studio Solution File, Format Version 12.00
# Visual Studio Version 16
VisualStudioVersion = 16.0.34407.143
MinimumVisualStudioVersion = 10.0.40219.1
Project("{FAE04EC0-301F-11D3-BF4B-00C04F79EFBC}") = "WebSaleMvc", "WebSaleMvc\WebSaleMvc.csproj", "{DAA39072-2B52-4A5C-A208-0E7F51D76BD3}"
EndProject
Global
	GlobalSection(SolutionConfigurationPlatforms) = preSolution
		Debug|Any CPU = Debug|Any CPU
		Release|Any CPU = Release|Any CPU
	EndGlobalSection
	GlobalSection(ProjectConfigurationPlatforms) = postSolution
		{DAA39072-2B52-4A5C-A208-0E7F51D76BD3}.Debug|Any CPU.ActiveCfg = Debug|Any CPU
		{DAA39072-2B52-4A5C-A208-0E7F51D76BD3}.Debug|Any CPU.Build.0 = Debug|Any CPU
		{DAA39072-2B52-4A5C-A208-0E7F51D76BD3}.Release|Any CPU.ActiveCfg = Release|Any CPU
		{DAA39072-2B52-4A5C-A208-0E7F51D76BD3}.Release|Any CPU.Build.0 = Release|Any CPU
	EndGlobalSection
	GlobalSection(SolutionProperties) = preSolution
		HideSolutionNode = FALSE
	EndGlobalSection
	GlobalSection(ExtensibilityGlobals) = postSolution
		SolutionGuid = {C7F78E89-BA23-4A89-91AB-1C300EB218A2}
	EndGlobalSection
EndGlobal
